
Microsoft Visual Studio Solution File, Format Version 12.00
# Visual Studio Version 17
VisualStudioVersion = 17.4.33403.182
MinimumVisualStudioVersion = 10.0.40219.1
Project("{FAE04EC0-301F-11D3-BF4B-00C04F79EFBC}") = "Accountant Software", "Accountant Software.csproj", "{37FE2F47-CBF4-4EB9-B845-EDA49C6842AB}"
EndProject
Project("{2150E333-8FDC-42A3-9474-1A3956D46DE8}") = "NewFolder1", "NewFolder1", "{860F3D8B-66CE-42B6-9F48-5E0278B8AACE}"
EndProject
Global
	GlobalSection(SolutionConfigurationPlatforms) = preSolution
		Debug|Any CPU = Debug|Any CPU
		Release|Any CPU = Release|Any CPU
	EndGlobalSection
	GlobalSection(ProjectConfigurationPlatforms) = postSolution
		{37FE2F47-CBF4-4EB9-B845-EDA49C6842AB}.Debug|Any CPU.ActiveCfg = Debug|Any CPU
		{37FE2F47-CBF4-4EB9-B845-EDA49C6842AB}.Debug|Any CPU.Build.0 = Debug|Any CPU
		{37FE2F47-CBF4-4EB9-B845-EDA49C6842AB}.Release|Any CPU.ActiveCfg = Release|Any CPU
		{37FE2F47-CBF4-4EB9-B845-EDA49C6842AB}.Release|Any CPU.Build.0 = Release|Any CPU
	EndGlobalSection
	GlobalSection(SolutionProperties) = preSolution
		HideSolutionNode = FALSE
	EndGlobalSection
	GlobalSection(ExtensibilityGlobals) = postSolution
		SolutionGuid = {178F75FD-F927-4DA9-9EB7-FC416206F94A}
	EndGlobalSection
EndGlobal
